// !$*UTF8*$!
{
	archiveVersion = 1;
	classes = {
	};
	objectVersion = 46;
	objects = {

/* Begin PBXBuildFile section */
		A459537B1D881D5B00EDCE90 /* AppDelegate.swift in Sources */ = {isa = PBXBuildFile; fileRef = A459537A1D881D5B00EDCE90 /* AppDelegate.swift */; };
		A459537D1D881D5B00EDCE90 /* ViewController.swift in Sources */ = {isa = PBXBuildFile; fileRef = A459537C1D881D5B00EDCE90 /* ViewController.swift */; };
		A45953801D881D5C00EDCE90 /* Main.storyboard in Resources */ = {isa = PBXBuildFile; fileRef = A459537E1D881D5C00EDCE90 /* Main.storyboard */; };
		A45953821D881D5C00EDCE90 /* Assets.xcassets in Resources */ = {isa = PBXBuildFile; fileRef = A45953811D881D5C00EDCE90 /* Assets.xcassets */; };
		A45953851D881D5C00EDCE90 /* LaunchScreen.storyboard in Resources */ = {isa = PBXBuildFile; fileRef = A45953831D881D5C00EDCE90 /* LaunchScreen.storyboard */; };
		A45953931D88518500EDCE90 /* IntentsUI.framework in Frameworks */ = {isa = PBXBuildFile; fileRef = A45953921D88518500EDCE90 /* IntentsUI.framework */; };
		A45953961D88518500EDCE90 /* IntentViewController.swift in Sources */ = {isa = PBXBuildFile; fileRef = A45953951D88518500EDCE90 /* IntentViewController.swift */; };
		A45953991D88518500EDCE90 /* MainInterface.storyboard in Resources */ = {isa = PBXBuildFile; fileRef = A45953971D88518500EDCE90 /* MainInterface.storyboard */; };
		A459539D1D88518500EDCE90 /* Siri.appex in Embed App Extensions */ = {isa = PBXBuildFile; fileRef = A45953901D88518500EDCE90 /* Siri.appex */; settings = {ATTRIBUTES = (RemoveHeadersOnCopy, ); }; };
		A48B3CBA1D8A9A43004685B5 /* NotificationCenter.framework in Frameworks */ = {isa = PBXBuildFile; fileRef = A48B3CB91D8A9A43004685B5 /* NotificationCenter.framework */; };
		A48B3CBD1D8A9A43004685B5 /* TodayViewController.swift in Sources */ = {isa = PBXBuildFile; fileRef = A48B3CBC1D8A9A43004685B5 /* TodayViewController.swift */; };
		A48B3CC01D8A9A43004685B5 /* MainInterface.storyboard in Resources */ = {isa = PBXBuildFile; fileRef = A48B3CBE1D8A9A43004685B5 /* MainInterface.storyboard */; };
		A48B3CC41D8A9A43004685B5 /* HomeWidget.appex in Embed App Extensions */ = {isa = PBXBuildFile; fileRef = A48B3CB81D8A9A42004685B5 /* HomeWidget.appex */; settings = {ATTRIBUTES = (RemoveHeadersOnCopy, ); }; };
		A4C1F0141D89971400B1E918 /* Guruvani.m4a in Resources */ = {isa = PBXBuildFile; fileRef = A4C1F0131D89971400B1E918 /* Guruvani.m4a */; };
		A4C35B761D8922F4003C9EB2 /* Speech.framework in Frameworks */ = {isa = PBXBuildFile; fileRef = A4C35B751D8922F4003C9EB2 /* Speech.framework */; };
/* End PBXBuildFile section */

/* Begin PBXContainerItemProxy section */
		A459539B1D88518500EDCE90 /* PBXContainerItemProxy */ = {
			isa = PBXContainerItemProxy;
			containerPortal = A459536F1D881D5000EDCE90 /* Project object */;
			proxyType = 1;
			remoteGlobalIDString = A459538F1D88518500EDCE90;
			remoteInfo = Siri;
		};
		A48B3CC21D8A9A43004685B5 /* PBXContainerItemProxy */ = {
			isa = PBXContainerItemProxy;
			containerPortal = A459536F1D881D5000EDCE90 /* Project object */;
			proxyType = 1;
			remoteGlobalIDString = A48B3CB71D8A9A42004685B5;
			remoteInfo = HomeWidget;
		};
/* End PBXContainerItemProxy section */

/* Begin PBXCopyFilesBuildPhase section */
		A45953A11D88518500EDCE90 /* Embed App Extensions */ = {
			isa = PBXCopyFilesBuildPhase;
			buildActionMask = 2147483647;
			dstPath = "";
			dstSubfolderSpec = 13;
			files = (
				A459539D1D88518500EDCE90 /* Siri.appex in Embed App Extensions */,
				A48B3CC41D8A9A43004685B5 /* HomeWidget.appex in Embed App Extensions */,
			);
			name = "Embed App Extensions";
			runOnlyForDeploymentPostprocessing = 0;
		};
/* End PBXCopyFilesBuildPhase section */

/* Begin PBXFileReference section */
		A45953771D881D5A00EDCE90 /* Siri10.app */ = {isa = PBXFileReference; explicitFileType = wrapper.application; includeInIndex = 0; path = Siri10.app; sourceTree = BUILT_PRODUCTS_DIR; };
		A459537A1D881D5B00EDCE90 /* AppDelegate.swift */ = {isa = PBXFileReference; lastKnownFileType = sourcecode.swift; path = AppDelegate.swift; sourceTree = "<group>"; };
		A459537C1D881D5B00EDCE90 /* ViewController.swift */ = {isa = PBXFileReference; lastKnownFileType = sourcecode.swift; path = ViewController.swift; sourceTree = "<group>"; };
		A459537F1D881D5C00EDCE90 /* Base */ = {isa = PBXFileReference; lastKnownFileType = file.storyboard; name = Base; path = Base.lproj/Main.storyboard; sourceTree = "<group>"; };
		A45953811D881D5C00EDCE90 /* Assets.xcassets */ = {isa = PBXFileReference; lastKnownFileType = folder.assetcatalog; path = Assets.xcassets; sourceTree = "<group>"; };
		A45953841D881D5C00EDCE90 /* Base */ = {isa = PBXFileReference; lastKnownFileType = file.storyboard; name = Base; path = Base.lproj/LaunchScreen.storyboard; sourceTree = "<group>"; };
		A45953861D881D5D00EDCE90 /* Info.plist */ = {isa = PBXFileReference; lastKnownFileType = text.plist.xml; path = Info.plist; sourceTree = "<group>"; };
		A45953901D88518500EDCE90 /* Siri.appex */ = {isa = PBXFileReference; explicitFileType = "wrapper.app-extension"; includeInIndex = 0; path = Siri.appex; sourceTree = BUILT_PRODUCTS_DIR; };
		A45953921D88518500EDCE90 /* IntentsUI.framework */ = {isa = PBXFileReference; lastKnownFileType = wrapper.framework; name = IntentsUI.framework; path = System/Library/Frameworks/IntentsUI.framework; sourceTree = SDKROOT; };
		A45953951D88518500EDCE90 /* IntentViewController.swift */ = {isa = PBXFileReference; lastKnownFileType = sourcecode.swift; path = IntentViewController.swift; sourceTree = "<group>"; };
		A45953981D88518500EDCE90 /* Base */ = {isa = PBXFileReference; lastKnownFileType = file.storyboard; name = Base; path = Base.lproj/MainInterface.storyboard; sourceTree = "<group>"; };
		A459539A1D88518500EDCE90 /* Info.plist */ = {isa = PBXFileReference; lastKnownFileType = text.plist.xml; path = Info.plist; sourceTree = "<group>"; };
		A48B3CB81D8A9A42004685B5 /* HomeWidget.appex */ = {isa = PBXFileReference; explicitFileType = "wrapper.app-extension"; includeInIndex = 0; path = HomeWidget.appex; sourceTree = BUILT_PRODUCTS_DIR; };
		A48B3CB91D8A9A43004685B5 /* NotificationCenter.framework */ = {isa = PBXFileReference; lastKnownFileType = wrapper.framework; name = NotificationCenter.framework; path = System/Library/Frameworks/NotificationCenter.framework; sourceTree = SDKROOT; };
		A48B3CBC1D8A9A43004685B5 /* TodayViewController.swift */ = {isa = PBXFileReference; lastKnownFileType = sourcecode.swift; path = TodayViewController.swift; sourceTree = "<group>"; };
		A48B3CBF1D8A9A43004685B5 /* Base */ = {isa = PBXFileReference; lastKnownFileType = file.storyboard; name = Base; path = Base.lproj/MainInterface.storyboard; sourceTree = "<group>"; };
		A48B3CC11D8A9A43004685B5 /* Info.plist */ = {isa = PBXFileReference; lastKnownFileType = text.plist.xml; path = Info.plist; sourceTree = "<group>"; };
		A4C1F0131D89971400B1E918 /* Guruvani.m4a */ = {isa = PBXFileReference; lastKnownFileType = file; path = Guruvani.m4a; sourceTree = "<group>"; };
		A4C35B751D8922F4003C9EB2 /* Speech.framework */ = {isa = PBXFileReference; lastKnownFileType = wrapper.framework; name = Speech.framework; path = System/Library/Frameworks/Speech.framework; sourceTree = SDKROOT; };
/* End PBXFileReference section */

/* Begin PBXFrameworksBuildPhase section */
		A45953741D881D5100EDCE90 /* Frameworks */ = {
			isa = PBXFrameworksBuildPhase;
			buildActionMask = 2147483647;
			files = (
			);
			runOnlyForDeploymentPostprocessing = 0;
		};
		A459538D1D88518500EDCE90 /* Frameworks */ = {
			isa = PBXFrameworksBuildPhase;
			buildActionMask = 2147483647;
			files = (
				A4C35B761D8922F4003C9EB2 /* Speech.framework in Frameworks */,
				A45953931D88518500EDCE90 /* IntentsUI.framework in Frameworks */,
			);
			runOnlyForDeploymentPostprocessing = 0;
		};
		A48B3CB51D8A9A42004685B5 /* Frameworks */ = {
			isa = PBXFrameworksBuildPhase;
			buildActionMask = 2147483647;
			files = (
				A48B3CBA1D8A9A43004685B5 /* NotificationCenter.framework in Frameworks */,
			);
			runOnlyForDeploymentPostprocessing = 0;
		};
/* End PBXFrameworksBuildPhase section */

/* Begin PBXGroup section */
		A459536E1D881D5000EDCE90 = {
			isa = PBXGroup;
			children = (
				A45953791D881D5A00EDCE90 /* Siri10 */,
				A45953941D88518500EDCE90 /* Siri */,
				A48B3CBB1D8A9A43004685B5 /* HomeWidget */,
				A45953911D88518500EDCE90 /* Frameworks */,
				A45953781D881D5A00EDCE90 /* Products */,
			);
			sourceTree = "<group>";
		};
		A45953781D881D5A00EDCE90 /* Products */ = {
			isa = PBXGroup;
			children = (
				A45953771D881D5A00EDCE90 /* Siri10.app */,
				A45953901D88518500EDCE90 /* Siri.appex */,
				A48B3CB81D8A9A42004685B5 /* HomeWidget.appex */,
			);
			name = Products;
			sourceTree = "<group>";
		};
		A45953791D881D5A00EDCE90 /* Siri10 */ = {
			isa = PBXGroup;
			children = (
				A4C1F0131D89971400B1E918 /* Guruvani.m4a */,
				A459537A1D881D5B00EDCE90 /* AppDelegate.swift */,
				A459537C1D881D5B00EDCE90 /* ViewController.swift */,
				A459537E1D881D5C00EDCE90 /* Main.storyboard */,
				A45953811D881D5C00EDCE90 /* Assets.xcassets */,
				A45953831D881D5C00EDCE90 /* LaunchScreen.storyboard */,
				A45953861D881D5D00EDCE90 /* Info.plist */,
			);
			path = Siri10;
			sourceTree = "<group>";
		};
		A45953911D88518500EDCE90 /* Frameworks */ = {
			isa = PBXGroup;
			children = (
				A4C35B751D8922F4003C9EB2 /* Speech.framework */,
				A45953921D88518500EDCE90 /* IntentsUI.framework */,
				A48B3CB91D8A9A43004685B5 /* NotificationCenter.framework */,
			);
			name = Frameworks;
			sourceTree = "<group>";
		};
		A45953941D88518500EDCE90 /* Siri */ = {
			isa = PBXGroup;
			children = (
				A45953951D88518500EDCE90 /* IntentViewController.swift */,
				A45953971D88518500EDCE90 /* MainInterface.storyboard */,
				A459539A1D88518500EDCE90 /* Info.plist */,
			);
			path = Siri;
			sourceTree = "<group>";
		};
		A48B3CBB1D8A9A43004685B5 /* HomeWidget */ = {
			isa = PBXGroup;
			children = (
				A48B3CBC1D8A9A43004685B5 /* TodayViewController.swift */,
				A48B3CBE1D8A9A43004685B5 /* MainInterface.storyboard */,
				A48B3CC11D8A9A43004685B5 /* Info.plist */,
			);
			path = HomeWidget;
			sourceTree = "<group>";
		};
/* End PBXGroup section */

/* Begin PBXNativeTarget section */
		A45953761D881D5100EDCE90 /* Siri10 */ = {
			isa = PBXNativeTarget;
			buildConfigurationList = A45953891D881D5D00EDCE90 /* Build configuration list for PBXNativeTarget "Siri10" */;
			buildPhases = (
				A45953731D881D5100EDCE90 /* Sources */,
				A45953741D881D5100EDCE90 /* Frameworks */,
				A45953751D881D5100EDCE90 /* Resources */,
				A45953A11D88518500EDCE90 /* Embed App Extensions */,
			);
			buildRules = (
			);
			dependencies = (
				A459539C1D88518500EDCE90 /* PBXTargetDependency */,
				A48B3CC31D8A9A43004685B5 /* PBXTargetDependency */,
			);
			name = Siri10;
			productName = Siri10;
			productReference = A45953771D881D5A00EDCE90 /* Siri10.app */;
			productType = "com.apple.product-type.application";
		};
		A459538F1D88518500EDCE90 /* Siri */ = {
			isa = PBXNativeTarget;
			buildConfigurationList = A459539E1D88518500EDCE90 /* Build configuration list for PBXNativeTarget "Siri" */;
			buildPhases = (
				A459538C1D88518500EDCE90 /* Sources */,
				A459538D1D88518500EDCE90 /* Frameworks */,
				A459538E1D88518500EDCE90 /* Resources */,
			);
			buildRules = (
			);
			dependencies = (
			);
			name = Siri;
			productName = Siri;
			productReference = A45953901D88518500EDCE90 /* Siri.appex */;
			productType = "com.apple.product-type.app-extension";
		};
		A48B3CB71D8A9A42004685B5 /* HomeWidget */ = {
			isa = PBXNativeTarget;
			buildConfigurationList = A48B3CC71D8A9A43004685B5 /* Build configuration list for PBXNativeTarget "HomeWidget" */;
			buildPhases = (
				A48B3CB41D8A9A42004685B5 /* Sources */,
				A48B3CB51D8A9A42004685B5 /* Frameworks */,
				A48B3CB61D8A9A42004685B5 /* Resources */,
			);
			buildRules = (
			);
			dependencies = (
			);
			name = HomeWidget;
			productName = HomeWidget;
			productReference = A48B3CB81D8A9A42004685B5 /* HomeWidget.appex */;
			productType = "com.apple.product-type.app-extension";
		};
/* End PBXNativeTarget section */

/* Begin PBXProject section */
		A459536F1D881D5000EDCE90 /* Project object */ = {
			isa = PBXProject;
			attributes = {
				LastSwiftUpdateCheck = 0800;
				LastUpgradeCheck = 0800;
				ORGANIZATIONNAME = GDS;
				TargetAttributes = {
					A45953761D881D5100EDCE90 = {
						CreatedOnToolsVersion = 8.0;
						DevelopmentTeam = 6B8RPRP876;
						ProvisioningStyle = Automatic;
					};
					A459538F1D88518500EDCE90 = {
						CreatedOnToolsVersion = 8.0;
						DevelopmentTeam = 6B8RPRP876;
						ProvisioningStyle = Automatic;
					};
					A48B3CB71D8A9A42004685B5 = {
						CreatedOnToolsVersion = 8.0;
						DevelopmentTeam = 6B8RPRP876;
						ProvisioningStyle = Automatic;
					};
				};
			};
			buildConfigurationList = A45953721D881D5000EDCE90 /* Build configuration list for PBXProject "Siri10" */;
			compatibilityVersion = "Xcode 3.2";
			developmentRegion = English;
			hasScannedForEncodings = 0;
			knownRegions = (
				en,
				Base,
			);
			mainGroup = A459536E1D881D5000EDCE90;
			productRefGroup = A45953781D881D5A00EDCE90 /* Products */;
			projectDirPath = "";
			projectRoot = "";
			targets = (
				A45953761D881D5100EDCE90 /* Siri10 */,
				A459538F1D88518500EDCE90 /* Siri */,
				A48B3CB71D8A9A42004685B5 /* HomeWidget */,
			);
		};
/* End PBXProject section */

/* Begin PBXResourcesBuildPhase section */
		A45953751D881D5100EDCE90 /* Resources */ = {
			isa = PBXResourcesBuildPhase;
			buildActionMask = 2147483647;
			files = (
				A45953851D881D5C00EDCE90 /* LaunchScreen.storyboard in Resources */,
				A4C1F0141D89971400B1E918 /* Guruvani.m4a in Resources */,
				A45953821D881D5C00EDCE90 /* Assets.xcassets in Resources */,
				A45953801D881D5C00EDCE90 /* Main.storyboard in Resources */,
			);
			runOnlyForDeploymentPostprocessing = 0;
		};
		A459538E1D88518500EDCE90 /* Resources */ = {
			isa = PBXResourcesBuildPhase;
			buildActionMask = 2147483647;
			files = (
				A45953991D88518500EDCE90 /* MainInterface.storyboard in Resources */,
			);
			runOnlyForDeploymentPostprocessing = 0;
		};
		A48B3CB61D8A9A42004685B5 /* Resources */ = {
			isa = PBXResourcesBuildPhase;
			buildActionMask = 2147483647;
			files = (
				A48B3CC01D8A9A43004685B5 /* MainInterface.storyboard in Resources */,
			);
			runOnlyForDeploymentPostprocessing = 0;
		};
/* End PBXResourcesBuildPhase section */

/* Begin PBXSourcesBuildPhase section */
		A45953731D881D5100EDCE90 /* Sources */ = {
			isa = PBXSourcesBuildPhase;
			buildActionMask = 2147483647;
			files = (
				A459537D1D881D5B00EDCE90 /* ViewController.swift in Sources */,
				A459537B1D881D5B00EDCE90 /* AppDelegate.swift in Sources */,
			);
			runOnlyForDeploymentPostprocessing = 0;
		};
		A459538C1D88518500EDCE90 /* Sources */ = {
			isa = PBXSourcesBuildPhase;
			buildActionMask = 2147483647;
			files = (
				A45953961D88518500EDCE90 /* IntentViewController.swift in Sources */,
			);
			runOnlyForDeploymentPostprocessing = 0;
		};
		A48B3CB41D8A9A42004685B5 /* Sources */ = {
			isa = PBXSourcesBuildPhase;
			buildActionMask = 2147483647;
			files = (
				A48B3CBD1D8A9A43004685B5 /* TodayViewController.swift in Sources */,
			);
			runOnlyForDeploymentPostprocessing = 0;
		};
/* End PBXSourcesBuildPhase section */

/* Begin PBXTargetDependency section */
		A459539C1D88518500EDCE90 /* PBXTargetDependency */ = {
			isa = PBXTargetDependency;
			target = A459538F1D88518500EDCE90 /* Siri */;
			targetProxy = A459539B1D88518500EDCE90 /* PBXContainerItemProxy */;
		};
		A48B3CC31D8A9A43004685B5 /* PBXTargetDependency */ = {
			isa = PBXTargetDependency;
			target = A48B3CB71D8A9A42004685B5 /* HomeWidget */;
			targetProxy = A48B3CC21D8A9A43004685B5 /* PBXContainerItemProxy */;
		};
/* End PBXTargetDependency section */

/* Begin PBXVariantGroup section */
		A459537E1D881D5C00EDCE90 /* Main.storyboard */ = {
			isa = PBXVariantGroup;
			children = (
				A459537F1D881D5C00EDCE90 /* Base */,
			);
			name = Main.storyboard;
			sourceTree = "<group>";
		};
		A45953831D881D5C00EDCE90 /* LaunchScreen.storyboard */ = {
			isa = PBXVariantGroup;
			children = (
				A45953841D881D5C00EDCE90 /* Base */,
			);
			name = LaunchScreen.storyboard;
			sourceTree = "<group>";
		};
		A45953971D88518500EDCE90 /* MainInterface.storyboard */ = {
			isa = PBXVariantGroup;
			children = (
				A45953981D88518500EDCE90 /* Base */,
			);
			name = MainInterface.storyboard;
			sourceTree = "<group>";
		};
		A48B3CBE1D8A9A43004685B5 /* MainInterface.storyboard */ = {
			isa = PBXVariantGroup;
			children = (
				A48B3CBF1D8A9A43004685B5 /* Base */,
			);
			name = MainInterface.storyboard;
			sourceTree = "<group>";
		};
/* End PBXVariantGroup section */

/* Begin XCBuildConfiguration section */
		A45953871D881D5D00EDCE90 /* Debug */ = {
			isa = XCBuildConfiguration;
			buildSettings = {
				ALWAYS_SEARCH_USER_PATHS = NO;
				CLANG_ANALYZER_NONNULL = YES;
				CLANG_CXX_LANGUAGE_STANDARD = "gnu++0x";
				CLANG_CXX_LIBRARY = "libc++";
				CLANG_ENABLE_MODULES = YES;
				CLANG_ENABLE_OBJC_ARC = YES;
				CLANG_WARN_BOOL_CONVERSION = YES;
				CLANG_WARN_CONSTANT_CONVERSION = YES;
				CLANG_WARN_DIRECT_OBJC_ISA_USAGE = YES_ERROR;
				CLANG_WARN_DOCUMENTATION_COMMENTS = YES;
				CLANG_WARN_EMPTY_BODY = YES;
				CLANG_WARN_ENUM_CONVERSION = YES;
				CLANG_WARN_INFINITE_RECURSION = YES;
				CLANG_WARN_INT_CONVERSION = YES;
				CLANG_WARN_OBJC_ROOT_CLASS = YES_ERROR;
				CLANG_WARN_SUSPICIOUS_MOVES = YES;
				CLANG_WARN_UNREACHABLE_CODE = YES;
				CLANG_WARN__DUPLICATE_METHOD_MATCH = YES;
				"CODE_SIGN_IDENTITY[sdk=iphoneos*]" = "iPhone Developer";
				COPY_PHASE_STRIP = NO;
				DEBUG_INFORMATION_FORMAT = dwarf;
				ENABLE_STRICT_OBJC_MSGSEND = YES;
				ENABLE_TESTABILITY = YES;
				GCC_C_LANGUAGE_STANDARD = gnu99;
				GCC_DYNAMIC_NO_PIC = NO;
				GCC_NO_COMMON_BLOCKS = YES;
				GCC_OPTIMIZATION_LEVEL = 0;
				GCC_PREPROCESSOR_DEFINITIONS = (
					"DEBUG=1",
					"$(inherited)",
				);
				GCC_WARN_64_TO_32_BIT_CONVERSION = YES;
				GCC_WARN_ABOUT_RETURN_TYPE = YES_ERROR;
				GCC_WARN_UNDECLARED_SELECTOR = YES;
				GCC_WARN_UNINITIALIZED_AUTOS = YES_AGGRESSIVE;
				GCC_WARN_UNUSED_FUNCTION = YES;
				GCC_WARN_UNUSED_VARIABLE = YES;
				IPHONEOS_DEPLOYMENT_TARGET = 10.0;
				MTL_ENABLE_DEBUG_INFO = YES;
				ONLY_ACTIVE_ARCH = YES;
				SDKROOT = iphoneos;
				SWIFT_ACTIVE_COMPILATION_CONDITIONS = DEBUG;
				SWIFT_OPTIMIZATION_LEVEL = "-Onone";
			};
			name = Debug;
		};
		A45953881D881D5D00EDCE90 /* Release */ = {
			isa = XCBuildConfiguration;
			buildSettings = {
				ALWAYS_SEARCH_USER_PATHS = NO;
				CLANG_ANALYZER_NONNULL = YES;
				CLANG_CXX_LANGUAGE_STANDARD = "gnu++0x";
				CLANG_CXX_LIBRARY = "libc++";
				CLANG_ENABLE_MODULES = YES;
				CLANG_ENABLE_OBJC_ARC = YES;
				CLANG_WARN_BOOL_CONVERSION = YES;
				CLANG_WARN_CONSTANT_CONVERSION = YES;
				CLANG_WARN_DIRECT_OBJC_ISA_USAGE = YES_ERROR;
				CLANG_WARN_DOCUMENTATION_COMMENTS = YES;
				CLANG_WARN_EMPTY_BODY = YES;
				CLANG_WARN_ENUM_CONVERSION = YES;
				CLANG_WARN_INFINITE_RECURSION = YES;
				CLANG_WARN_INT_CONVERSION = YES;
				CLANG_WARN_OBJC_ROOT_CLASS = YES_ERROR;
				CLANG_WARN_SUSPICIOUS_MOVES = YES;
				CLANG_WARN_UNREACHABLE_CODE = YES;
				CLANG_WARN__DUPLICATE_METHOD_MATCH = YES;
				"CODE_SIGN_IDENTITY[sdk=iphoneos*]" = "iPhone Developer";
				COPY_PHASE_STRIP = NO;
				DEBUG_INFORMATION_FORMAT = "dwarf-with-dsym";
				ENABLE_NS_ASSERTIONS = NO;
				ENABLE_STRICT_OBJC_MSGSEND = YES;
				GCC_C_LANGUAGE_STANDARD = gnu99;
				GCC_NO_COMMON_BLOCKS = YES;
				GCC_WARN_64_TO_32_BIT_CONVERSION = YES;
				GCC_WARN_ABOUT_RETURN_TYPE = YES_ERROR;
				GCC_WARN_UNDECLARED_SELECTOR = YES;
				GCC_WARN_UNINITIALIZED_AUTOS = YES_AGGRESSIVE;
				GCC_WARN_UNUSED_FUNCTION = YES;
				GCC_WARN_UNUSED_VARIABLE = YES;
				IPHONEOS_DEPLOYMENT_TARGET = 10.0;
				MTL_ENABLE_DEBUG_INFO = NO;
				SDKROOT = iphoneos;
				SWIFT_OPTIMIZATION_LEVEL = "-Owholemodule";
				VALIDATE_PRODUCT = YES;
			};
			name = Release;
		};
		A459538A1D881D5D00EDCE90 /* Debug */ = {
			isa = XCBuildConfiguration;
			buildSettings = {
				ALWAYS_EMBED_SWIFT_STANDARD_LIBRARIES = YES;
				ASSETCATALOG_COMPILER_APPICON_NAME = AppIcon;
				DEVELOPMENT_TEAM = 6B8RPRP876;
				INFOPLIST_FILE = Siri10/Info.plist;
				IPHONEOS_DEPLOYMENT_TARGET = 9.3;
				LD_RUNPATH_SEARCH_PATHS = "$(inherited) @executable_path/Frameworks";
				PRODUCT_BUNDLE_IDENTIFIER = com.GDS.Siri10;
				PRODUCT_NAME = "$(TARGET_NAME)";
				SWIFT_VERSION = 3.0;
			};
			name = Debug;
		};
		A459538B1D881D5D00EDCE90 /* Release */ = {
			isa = XCBuildConfiguration;
			buildSettings = {
				ALWAYS_EMBED_SWIFT_STANDARD_LIBRARIES = YES;
				ASSETCATALOG_COMPILER_APPICON_NAME = AppIcon;
				DEVELOPMENT_TEAM = 6B8RPRP876;
				INFOPLIST_FILE = Siri10/Info.plist;
				IPHONEOS_DEPLOYMENT_TARGET = 9.3;
				LD_RUNPATH_SEARCH_PATHS = "$(inherited) @executable_path/Frameworks";
				PRODUCT_BUNDLE_IDENTIFIER = com.GDS.Siri10;
				PRODUCT_NAME = "$(TARGET_NAME)";
				SWIFT_VERSION = 3.0;
			};
			name = Release;
		};
		A459539F1D88518500EDCE90 /* Debug */ = {
			isa = XCBuildConfiguration;
			buildSettings = {
				DEVELOPMENT_TEAM = 6B8RPRP876;
				INFOPLIST_FILE = Siri/Info.plist;
				LD_RUNPATH_SEARCH_PATHS = "$(inherited) @executable_path/Frameworks @executable_path/../../Frameworks";
				PRODUCT_BUNDLE_IDENTIFIER = com.GDS.Siri10.Siri;
				PRODUCT_NAME = "$(TARGET_NAME)";
				SKIP_INSTALL = YES;
				SWIFT_VERSION = 3.0;
			};
			name = Debug;
		};
		A45953A01D88518500EDCE90 /* Release */ = {
			isa = XCBuildConfiguration;
			buildSettings = {
				DEVELOPMENT_TEAM = 6B8RPRP876;
				INFOPLIST_FILE = Siri/Info.plist;
				LD_RUNPATH_SEARCH_PATHS = "$(inherited) @executable_path/Frameworks @executable_path/../../Frameworks";
				PRODUCT_BUNDLE_IDENTIFIER = com.GDS.Siri10.Siri;
				PRODUCT_NAME = "$(TARGET_NAME)";
				SKIP_INSTALL = YES;
				SWIFT_VERSION = 3.0;
			};
			name = Release;
		};
		A48B3CC51D8A9A43004685B5 /* Debug */ = {
			isa = XCBuildConfiguration;
			buildSettings = {
				DEVELOPMENT_TEAM = 6B8RPRP876;
				INFOPLIST_FILE = HomeWidget/Info.plist;
				LD_RUNPATH_SEARCH_PATHS = "$(inherited) @executable_path/Frameworks @executable_path/../../Frameworks";
				PRODUCT_BUNDLE_IDENTIFIER = com.GDS.Siri10.HomeWidget;
				PRODUCT_NAME = "$(TARGET_NAME)";
				SKIP_INSTALL = YES;
				SWIFT_VERSION = 3.0;
			};
			name = Debug;
		};
		A48B3CC61D8A9A43004685B5 /* Release */ = {
			isa = XCBuildConfiguration;
			buildSettings = {
				DEVELOPMENT_TEAM = 6B8RPRP876;
				INFOPLIST_FILE = HomeWidget/Info.plist;
				LD_RUNPATH_SEARCH_PATHS = "$(inherited) @executable_path/Frameworks @executable_path/../../Frameworks";
				PRODUCT_BUNDLE_IDENTIFIER = com.GDS.Siri10.HomeWidget;
				PRODUCT_NAME = "$(TARGET_NAME)";
				SKIP_INSTALL = YES;
				SWIFT_VERSION = 3.0;
			};
			name = Release;
		};
/* End XCBuildConfiguration section */

/* Begin XCConfigurationList section */
		A45953721D881D5000EDCE90 /* Build configuration list for PBXProject "Siri10" */ = {
			isa = XCConfigurationList;
			buildConfigurations = (
				A45953871D881D5D00EDCE90 /* Debug */,
				A45953881D881D5D00EDCE90 /* Release */,
			);
			defaultConfigurationIsVisible = 0;
			defaultConfigurationName = Release;
		};
		A45953891D881D5D00EDCE90 /* Build configuration list for PBXNativeTarget "Siri10" */ = {
			isa = XCConfigurationList;
			buildConfigurations = (
				A459538A1D881D5D00EDCE90 /* Debug */,
				A459538B1D881D5D00EDCE90 /* Release */,
			);
			defaultConfigurationIsVisible = 0;
			defaultConfigurationName = Release;
		};
		A459539E1D88518500EDCE90 /* Build configuration list for PBXNativeTarget "Siri" */ = {
			isa = XCConfigurationList;
			buildConfigurations = (
				A459539F1D88518500EDCE90 /* Debug */,
				A45953A01D88518500EDCE90 /* Release */,
			);
			defaultConfigurationIsVisible = 0;
			defaultConfigurationName = Release;
		};
		A48B3CC71D8A9A43004685B5 /* Build configuration list for PBXNativeTarget "HomeWidget" */ = {
			isa = XCConfigurationList;
			buildConfigurations = (
				A48B3CC51D8A9A43004685B5 /* Debug */,
				A48B3CC61D8A9A43004685B5 /* Release */,
			);
			defaultConfigurationIsVisible = 0;
		};
/* End XCConfigurationList section */
	};
	rootObject = A459536F1D881D5000EDCE90 /* Project object */;
}
