// !$*UTF8*$!
{
	archiveVersion = 1;
	classes = {
	};
	objectVersion = 46;
	objects = {

/* Begin PBXBuildFile section */
		A459537B1D881D5B00EDCE90 /* AppDelegate.swift in Sources */ = {isa = PBXBuildFile; fileRef = A459537A1D881D5B00EDCE90 /* AppDelegate.swift */; };
		A459537D1D881D5B00EDCE90 /* ViewController.swift in Sources */ = {isa = PBXBuildFile; fileRef = A459537C1D881D5B00EDCE90 /* ViewController.swift */; };
		A45953801D881D5C00EDCE90 /* Main.storyboard in Resources */ = {isa = PBXBuildFile; fileRef = A459537E1D881D5C00EDCE90 /* Main.storyboard */; };
		A45953821D881D5C00EDCE90 /* Assets.xcassets in Resources */ = {isa = PBXBuildFile; fileRef = A45953811D881D5C00EDCE90 /* Assets.xcassets */; };
		A45953851D881D5C00EDCE90 /* LaunchScreen.storyboard in Resources */ = {isa = PBXBuildFile; fileRef = A45953831D881D5C00EDCE90 /* LaunchScreen.storyboard */; };
		A48B3CC91D8AA536004685B5 /* VoiceTesting.m4a in Resources */ = {isa = PBXBuildFile; fileRef = A48B3CC81D8AA536004685B5 /* VoiceTesting.m4a */; };
		A48B3CD81D8AAE52004685B5 /* NotificationCenter.framework in Frameworks */ = {isa = PBXBuildFile; fileRef = A48B3CB91D8A9A43004685B5 /* NotificationCenter.framework */; };
		A48B3CDC1D8AAE53004685B5 /* TodayViewController.m in Sources */ = {isa = PBXBuildFile; fileRef = A48B3CDB1D8AAE53004685B5 /* TodayViewController.m */; };
		A48B3CDF1D8AAE53004685B5 /* MainInterface.storyboard in Resources */ = {isa = PBXBuildFile; fileRef = A48B3CDD1D8AAE53004685B5 /* MainInterface.storyboard */; };
		A48B3CE31D8AAE53004685B5 /* HomeWidget.appex in Embed App Extensions */ = {isa = PBXBuildFile; fileRef = A48B3CD71D8AAE52004685B5 /* HomeWidget.appex */; settings = {ATTRIBUTES = (RemoveHeadersOnCopy, ); }; };
		A48B3CEC1D8AAE72004685B5 /* ArcImageView.m in Sources */ = {isa = PBXBuildFile; fileRef = A48B3CE81D8AAE72004685B5 /* ArcImageView.m */; };
		A48B3CED1D8AAE72004685B5 /* ArcView.m in Sources */ = {isa = PBXBuildFile; fileRef = A48B3CEA1D8AAE72004685B5 /* ArcView.m */; };
		A48B3CEE1D8AAE72004685B5 /* Assets.xcassets in Resources */ = {isa = PBXBuildFile; fileRef = A48B3CEB1D8AAE72004685B5 /* Assets.xcassets */; };
		A4EB395D1D8ADD150021A21B /* IntentHandler.swift in Sources */ = {isa = PBXBuildFile; fileRef = A4EB395C1D8ADD150021A21B /* IntentHandler.swift */; };
		A4EB39641D8ADD150021A21B /* IntentsUI.framework in Frameworks */ = {isa = PBXBuildFile; fileRef = A45953921D88518500EDCE90 /* IntentsUI.framework */; };
		A4EB39671D8ADD150021A21B /* IntentViewController.swift in Sources */ = {isa = PBXBuildFile; fileRef = A4EB39661D8ADD150021A21B /* IntentViewController.swift */; };
		A4EB396A1D8ADD150021A21B /* MainInterface.storyboard in Resources */ = {isa = PBXBuildFile; fileRef = A4EB39681D8ADD150021A21B /* MainInterface.storyboard */; };
		A4EB396E1D8ADD150021A21B /* SiriUI.appex in Embed App Extensions */ = {isa = PBXBuildFile; fileRef = A4EB39631D8ADD150021A21B /* SiriUI.appex */; settings = {ATTRIBUTES = (RemoveHeadersOnCopy, ); }; };
		A4EB39711D8ADD150021A21B /* Siri.appex in Embed App Extensions */ = {isa = PBXBuildFile; fileRef = A4EB395A1D8ADD140021A21B /* Siri.appex */; settings = {ATTRIBUTES = (RemoveHeadersOnCopy, ); }; };
/* End PBXBuildFile section */

/* Begin PBXContainerItemProxy section */
		A48B3CE11D8AAE53004685B5 /* PBXContainerItemProxy */ = {
			isa = PBXContainerItemProxy;
			containerPortal = A459536F1D881D5000EDCE90 /* Project object */;
			proxyType = 1;
			remoteGlobalIDString = A48B3CD61D8AAE52004685B5;
			remoteInfo = HomeWidget;
		};
		A4EB396C1D8ADD150021A21B /* PBXContainerItemProxy */ = {
			isa = PBXContainerItemProxy;
			containerPortal = A459536F1D881D5000EDCE90 /* Project object */;
			proxyType = 1;
			remoteGlobalIDString = A4EB39621D8ADD150021A21B;
			remoteInfo = SiriUI;
		};
		A4EB396F1D8ADD150021A21B /* PBXContainerItemProxy */ = {
			isa = PBXContainerItemProxy;
			containerPortal = A459536F1D881D5000EDCE90 /* Project object */;
			proxyType = 1;
			remoteGlobalIDString = A4EB39591D8ADD140021A21B;
			remoteInfo = Siri;
		};
/* End PBXContainerItemProxy section */

/* Begin PBXCopyFilesBuildPhase section */
		A45953A11D88518500EDCE90 /* Embed App Extensions */ = {
			isa = PBXCopyFilesBuildPhase;
			buildActionMask = 2147483647;
			dstPath = "";
			dstSubfolderSpec = 13;
			files = (
				A48B3CE31D8AAE53004685B5 /* HomeWidget.appex in Embed App Extensions */,
				A4EB39711D8ADD150021A21B /* Siri.appex in Embed App Extensions */,
				A4EB396E1D8ADD150021A21B /* SiriUI.appex in Embed App Extensions */,
			);
			name = "Embed App Extensions";
			runOnlyForDeploymentPostprocessing = 0;
		};
/* End PBXCopyFilesBuildPhase section */

/* Begin PBXFileReference section */
		A45953771D881D5A00EDCE90 /* Siri10.app */ = {isa = PBXFileReference; explicitFileType = wrapper.application; includeInIndex = 0; path = Siri10.app; sourceTree = BUILT_PRODUCTS_DIR; };
		A459537A1D881D5B00EDCE90 /* AppDelegate.swift */ = {isa = PBXFileReference; lastKnownFileType = sourcecode.swift; path = AppDelegate.swift; sourceTree = "<group>"; };
		A459537C1D881D5B00EDCE90 /* ViewController.swift */ = {isa = PBXFileReference; lastKnownFileType = sourcecode.swift; path = ViewController.swift; sourceTree = "<group>"; };
		A459537F1D881D5C00EDCE90 /* Base */ = {isa = PBXFileReference; lastKnownFileType = file.storyboard; name = Base; path = Base.lproj/Main.storyboard; sourceTree = "<group>"; };
		A45953811D881D5C00EDCE90 /* Assets.xcassets */ = {isa = PBXFileReference; lastKnownFileType = folder.assetcatalog; path = Assets.xcassets; sourceTree = "<group>"; };
		A45953841D881D5C00EDCE90 /* Base */ = {isa = PBXFileReference; lastKnownFileType = file.storyboard; name = Base; path = Base.lproj/LaunchScreen.storyboard; sourceTree = "<group>"; };
		A45953861D881D5D00EDCE90 /* Info.plist */ = {isa = PBXFileReference; lastKnownFileType = text.plist.xml; path = Info.plist; sourceTree = "<group>"; };
		A45953921D88518500EDCE90 /* IntentsUI.framework */ = {isa = PBXFileReference; lastKnownFileType = wrapper.framework; name = IntentsUI.framework; path = System/Library/Frameworks/IntentsUI.framework; sourceTree = SDKROOT; };
		A48B3CB91D8A9A43004685B5 /* NotificationCenter.framework */ = {isa = PBXFileReference; lastKnownFileType = wrapper.framework; name = NotificationCenter.framework; path = System/Library/Frameworks/NotificationCenter.framework; sourceTree = SDKROOT; };
		A48B3CC81D8AA536004685B5 /* VoiceTesting.m4a */ = {isa = PBXFileReference; lastKnownFileType = file; path = VoiceTesting.m4a; sourceTree = "<group>"; };
		A48B3CD71D8AAE52004685B5 /* HomeWidget.appex */ = {isa = PBXFileReference; explicitFileType = "wrapper.app-extension"; includeInIndex = 0; path = HomeWidget.appex; sourceTree = BUILT_PRODUCTS_DIR; };
		A48B3CDA1D8AAE53004685B5 /* TodayViewController.h */ = {isa = PBXFileReference; lastKnownFileType = sourcecode.c.h; path = TodayViewController.h; sourceTree = "<group>"; };
		A48B3CDB1D8AAE53004685B5 /* TodayViewController.m */ = {isa = PBXFileReference; lastKnownFileType = sourcecode.c.objc; path = TodayViewController.m; sourceTree = "<group>"; };
		A48B3CDE1D8AAE53004685B5 /* Base */ = {isa = PBXFileReference; lastKnownFileType = file.storyboard; name = Base; path = Base.lproj/MainInterface.storyboard; sourceTree = "<group>"; };
		A48B3CE01D8AAE53004685B5 /* Info.plist */ = {isa = PBXFileReference; lastKnownFileType = text.plist.xml; path = Info.plist; sourceTree = "<group>"; };
		A48B3CE71D8AAE72004685B5 /* ArcImageView.h */ = {isa = PBXFileReference; fileEncoding = 4; lastKnownFileType = sourcecode.c.h; path = ArcImageView.h; sourceTree = "<group>"; };
		A48B3CE81D8AAE72004685B5 /* ArcImageView.m */ = {isa = PBXFileReference; fileEncoding = 4; lastKnownFileType = sourcecode.c.objc; path = ArcImageView.m; sourceTree = "<group>"; };
		A48B3CE91D8AAE72004685B5 /* ArcView.h */ = {isa = PBXFileReference; fileEncoding = 4; lastKnownFileType = sourcecode.c.h; path = ArcView.h; sourceTree = "<group>"; };
		A48B3CEA1D8AAE72004685B5 /* ArcView.m */ = {isa = PBXFileReference; fileEncoding = 4; lastKnownFileType = sourcecode.c.objc; path = ArcView.m; sourceTree = "<group>"; };
		A48B3CEB1D8AAE72004685B5 /* Assets.xcassets */ = {isa = PBXFileReference; lastKnownFileType = folder.assetcatalog; path = Assets.xcassets; sourceTree = "<group>"; };
		A4C35B751D8922F4003C9EB2 /* Speech.framework */ = {isa = PBXFileReference; lastKnownFileType = wrapper.framework; name = Speech.framework; path = System/Library/Frameworks/Speech.framework; sourceTree = SDKROOT; };
		A4EB395A1D8ADD140021A21B /* Siri.appex */ = {isa = PBXFileReference; explicitFileType = "wrapper.app-extension"; includeInIndex = 0; path = Siri.appex; sourceTree = BUILT_PRODUCTS_DIR; };
		A4EB395C1D8ADD150021A21B /* IntentHandler.swift */ = {isa = PBXFileReference; lastKnownFileType = sourcecode.swift; path = IntentHandler.swift; sourceTree = "<group>"; };
		A4EB395E1D8ADD150021A21B /* Info.plist */ = {isa = PBXFileReference; lastKnownFileType = text.plist.xml; path = Info.plist; sourceTree = "<group>"; };
		A4EB39631D8ADD150021A21B /* SiriUI.appex */ = {isa = PBXFileReference; explicitFileType = "wrapper.app-extension"; includeInIndex = 0; path = SiriUI.appex; sourceTree = BUILT_PRODUCTS_DIR; };
		A4EB39661D8ADD150021A21B /* IntentViewController.swift */ = {isa = PBXFileReference; lastKnownFileType = sourcecode.swift; path = IntentViewController.swift; sourceTree = "<group>"; };
		A4EB39691D8ADD150021A21B /* Base */ = {isa = PBXFileReference; lastKnownFileType = file.storyboard; name = Base; path = Base.lproj/MainInterface.storyboard; sourceTree = "<group>"; };
		A4EB396B1D8ADD150021A21B /* Info.plist */ = {isa = PBXFileReference; lastKnownFileType = text.plist.xml; path = Info.plist; sourceTree = "<group>"; };
		A4EB39781D8ADDA10021A21B /* Siri10.entitlements */ = {isa = PBXFileReference; lastKnownFileType = text.plist.entitlements; path = Siri10.entitlements; sourceTree = "<group>"; };
/* End PBXFileReference section */

/* Begin PBXFrameworksBuildPhase section */
		A45953741D881D5100EDCE90 /* Frameworks */ = {
			isa = PBXFrameworksBuildPhase;
			buildActionMask = 2147483647;
			files = (
			);
			runOnlyForDeploymentPostprocessing = 0;
		};
		A48B3CD41D8AAE52004685B5 /* Frameworks */ = {
			isa = PBXFrameworksBuildPhase;
			buildActionMask = 2147483647;
			files = (
				A48B3CD81D8AAE52004685B5 /* NotificationCenter.framework in Frameworks */,
			);
			runOnlyForDeploymentPostprocessing = 0;
		};
		A4EB39571D8ADD140021A21B /* Frameworks */ = {
			isa = PBXFrameworksBuildPhase;
			buildActionMask = 2147483647;
			files = (
			);
			runOnlyForDeploymentPostprocessing = 0;
		};
		A4EB39601D8ADD150021A21B /* Frameworks */ = {
			isa = PBXFrameworksBuildPhase;
			buildActionMask = 2147483647;
			files = (
				A4EB39641D8ADD150021A21B /* IntentsUI.framework in Frameworks */,
			);
			runOnlyForDeploymentPostprocessing = 0;
		};
/* End PBXFrameworksBuildPhase section */

/* Begin PBXGroup section */
		A459536E1D881D5000EDCE90 = {
			isa = PBXGroup;
			children = (
				A45953791D881D5A00EDCE90 /* Siri10 */,
				A48B3CD91D8AAE52004685B5 /* HomeWidget */,
				A4EB395B1D8ADD140021A21B /* Siri */,
				A4EB39651D8ADD150021A21B /* SiriUI */,
				A45953911D88518500EDCE90 /* Frameworks */,
				A45953781D881D5A00EDCE90 /* Products */,
			);
			sourceTree = "<group>";
		};
		A45953781D881D5A00EDCE90 /* Products */ = {
			isa = PBXGroup;
			children = (
				A45953771D881D5A00EDCE90 /* Siri10.app */,
				A48B3CD71D8AAE52004685B5 /* HomeWidget.appex */,
				A4EB395A1D8ADD140021A21B /* Siri.appex */,
				A4EB39631D8ADD150021A21B /* SiriUI.appex */,
			);
			name = Products;
			sourceTree = "<group>";
		};
		A45953791D881D5A00EDCE90 /* Siri10 */ = {
			isa = PBXGroup;
			children = (
				A4EB39781D8ADDA10021A21B /* Siri10.entitlements */,
				A48B3CC81D8AA536004685B5 /* VoiceTesting.m4a */,
				A459537A1D881D5B00EDCE90 /* AppDelegate.swift */,
				A459537C1D881D5B00EDCE90 /* ViewController.swift */,
				A459537E1D881D5C00EDCE90 /* Main.storyboard */,
				A45953811D881D5C00EDCE90 /* Assets.xcassets */,
				A45953831D881D5C00EDCE90 /* LaunchScreen.storyboard */,
				A45953861D881D5D00EDCE90 /* Info.plist */,
			);
			path = Siri10;
			sourceTree = "<group>";
		};
		A45953911D88518500EDCE90 /* Frameworks */ = {
			isa = PBXGroup;
			children = (
				A4C35B751D8922F4003C9EB2 /* Speech.framework */,
				A45953921D88518500EDCE90 /* IntentsUI.framework */,
				A48B3CB91D8A9A43004685B5 /* NotificationCenter.framework */,
			);
			name = Frameworks;
			sourceTree = "<group>";
		};
		A48B3CD91D8AAE52004685B5 /* HomeWidget */ = {
			isa = PBXGroup;
			children = (
				A48B3CE71D8AAE72004685B5 /* ArcImageView.h */,
				A48B3CE81D8AAE72004685B5 /* ArcImageView.m */,
				A48B3CE91D8AAE72004685B5 /* ArcView.h */,
				A48B3CEA1D8AAE72004685B5 /* ArcView.m */,
				A48B3CEB1D8AAE72004685B5 /* Assets.xcassets */,
				A48B3CDA1D8AAE53004685B5 /* TodayViewController.h */,
				A48B3CDB1D8AAE53004685B5 /* TodayViewController.m */,
				A48B3CDD1D8AAE53004685B5 /* MainInterface.storyboard */,
				A48B3CE01D8AAE53004685B5 /* Info.plist */,
			);
			path = HomeWidget;
			sourceTree = "<group>";
		};
		A4EB395B1D8ADD140021A21B /* Siri */ = {
			isa = PBXGroup;
			children = (
				A4EB395C1D8ADD150021A21B /* IntentHandler.swift */,
				A4EB395E1D8ADD150021A21B /* Info.plist */,
			);
			path = Siri;
			sourceTree = "<group>";
		};
		A4EB39651D8ADD150021A21B /* SiriUI */ = {
			isa = PBXGroup;
			children = (
				A4EB39661D8ADD150021A21B /* IntentViewController.swift */,
				A4EB39681D8ADD150021A21B /* MainInterface.storyboard */,
				A4EB396B1D8ADD150021A21B /* Info.plist */,
			);
			path = SiriUI;
			sourceTree = "<group>";
		};
/* End PBXGroup section */

/* Begin PBXNativeTarget section */
		A45953761D881D5100EDCE90 /* Siri10 */ = {
			isa = PBXNativeTarget;
			buildConfigurationList = A45953891D881D5D00EDCE90 /* Build configuration list for PBXNativeTarget "Siri10" */;
			buildPhases = (
				A45953731D881D5100EDCE90 /* Sources */,
				A45953741D881D5100EDCE90 /* Frameworks */,
				A45953751D881D5100EDCE90 /* Resources */,
				A45953A11D88518500EDCE90 /* Embed App Extensions */,
			);
			buildRules = (
			);
			dependencies = (
				A48B3CE21D8AAE53004685B5 /* PBXTargetDependency */,
				A4EB396D1D8ADD150021A21B /* PBXTargetDependency */,
				A4EB39701D8ADD150021A21B /* PBXTargetDependency */,
			);
			name = Siri10;
			productName = Siri10;
			productReference = A45953771D881D5A00EDCE90 /* Siri10.app */;
			productType = "com.apple.product-type.application";
		};
		A48B3CD61D8AAE52004685B5 /* HomeWidget */ = {
			isa = PBXNativeTarget;
			buildConfigurationList = A48B3CE41D8AAE53004685B5 /* Build configuration list for PBXNativeTarget "HomeWidget" */;
			buildPhases = (
				A48B3CD31D8AAE52004685B5 /* Sources */,
				A48B3CD41D8AAE52004685B5 /* Frameworks */,
				A48B3CD51D8AAE52004685B5 /* Resources */,
			);
			buildRules = (
			);
			dependencies = (
			);
			name = HomeWidget;
			productName = HomeWidget;
			productReference = A48B3CD71D8AAE52004685B5 /* HomeWidget.appex */;
			productType = "com.apple.product-type.app-extension";
		};
		A4EB39591D8ADD140021A21B /* Siri */ = {
			isa = PBXNativeTarget;
			buildConfigurationList = A4EB39751D8ADD150021A21B /* Build configuration list for PBXNativeTarget "Siri" */;
			buildPhases = (
				A4EB39561D8ADD140021A21B /* Sources */,
				A4EB39571D8ADD140021A21B /* Frameworks */,
				A4EB39581D8ADD140021A21B /* Resources */,
			);
			buildRules = (
			);
			dependencies = (
			);
			name = Siri;
			productName = Siri;
			productReference = A4EB395A1D8ADD140021A21B /* Siri.appex */;
			productType = "com.apple.product-type.app-extension";
		};
		A4EB39621D8ADD150021A21B /* SiriUI */ = {
			isa = PBXNativeTarget;
			buildConfigurationList = A4EB39721D8ADD150021A21B /* Build configuration list for PBXNativeTarget "SiriUI" */;
			buildPhases = (
				A4EB395F1D8ADD150021A21B /* Sources */,
				A4EB39601D8ADD150021A21B /* Frameworks */,
				A4EB39611D8ADD150021A21B /* Resources */,
			);
			buildRules = (
			);
			dependencies = (
			);
			name = SiriUI;
			productName = SiriUI;
			productReference = A4EB39631D8ADD150021A21B /* SiriUI.appex */;
			productType = "com.apple.product-type.app-extension";
		};
/* End PBXNativeTarget section */

/* Begin PBXProject section */
		A459536F1D881D5000EDCE90 /* Project object */ = {
			isa = PBXProject;
			attributes = {
				LastSwiftUpdateCheck = 0800;
				LastUpgradeCheck = 0800;
				ORGANIZATIONNAME = GDS;
				TargetAttributes = {
					A45953761D881D5100EDCE90 = {
						CreatedOnToolsVersion = 8.0;
						DevelopmentTeam = 6B8RPRP876;
						ProvisioningStyle = Automatic;
						SystemCapabilities = {
							com.apple.Siri = {
								enabled = 1;
							};
						};
					};
					A48B3CD61D8AAE52004685B5 = {
						CreatedOnToolsVersion = 8.0;
						DevelopmentTeam = 6B8RPRP876;
						ProvisioningStyle = Automatic;
					};
					A4EB39591D8ADD140021A21B = {
						CreatedOnToolsVersion = 8.0;
						DevelopmentTeam = 6B8RPRP876;
						ProvisioningStyle = Automatic;
					};
					A4EB39621D8ADD150021A21B = {
						CreatedOnToolsVersion = 8.0;
						DevelopmentTeam = 6B8RPRP876;
						ProvisioningStyle = Automatic;
					};
				};
			};
			buildConfigurationList = A45953721D881D5000EDCE90 /* Build configuration list for PBXProject "Siri10" */;
			compatibilityVersion = "Xcode 3.2";
			developmentRegion = English;
			hasScannedForEncodings = 0;
			knownRegions = (
				en,
				Base,
			);
			mainGroup = A459536E1D881D5000EDCE90;
			productRefGroup = A45953781D881D5A00EDCE90 /* Products */;
			projectDirPath = "";
			projectRoot = "";
			targets = (
				A45953761D881D5100EDCE90 /* Siri10 */,
				A48B3CD61D8AAE52004685B5 /* HomeWidget */,
				A4EB39591D8ADD140021A21B /* Siri */,
				A4EB39621D8ADD150021A21B /* SiriUI */,
			);
		};
/* End PBXProject section */

/* Begin PBXResourcesBuildPhase section */
		A45953751D881D5100EDCE90 /* Resources */ = {
			isa = PBXResourcesBuildPhase;
			buildActionMask = 2147483647;
			files = (
				A48B3CC91D8AA536004685B5 /* VoiceTesting.m4a in Resources */,
				A45953851D881D5C00EDCE90 /* LaunchScreen.storyboard in Resources */,
				A45953821D881D5C00EDCE90 /* Assets.xcassets in Resources */,
				A45953801D881D5C00EDCE90 /* Main.storyboard in Resources */,
			);
			runOnlyForDeploymentPostprocessing = 0;
		};
		A48B3CD51D8AAE52004685B5 /* Resources */ = {
			isa = PBXResourcesBuildPhase;
			buildActionMask = 2147483647;
			files = (
				A48B3CEE1D8AAE72004685B5 /* Assets.xcassets in Resources */,
				A48B3CDF1D8AAE53004685B5 /* MainInterface.storyboard in Resources */,
			);
			runOnlyForDeploymentPostprocessing = 0;
		};
		A4EB39581D8ADD140021A21B /* Resources */ = {
			isa = PBXResourcesBuildPhase;
			buildActionMask = 2147483647;
			files = (
			);
			runOnlyForDeploymentPostprocessing = 0;
		};
		A4EB39611D8ADD150021A21B /* Resources */ = {
			isa = PBXResourcesBuildPhase;
			buildActionMask = 2147483647;
			files = (
				A4EB396A1D8ADD150021A21B /* MainInterface.storyboard in Resources */,
			);
			runOnlyForDeploymentPostprocessing = 0;
		};
/* End PBXResourcesBuildPhase section */

/* Begin PBXSourcesBuildPhase section */
		A45953731D881D5100EDCE90 /* Sources */ = {
			isa = PBXSourcesBuildPhase;
			buildActionMask = 2147483647;
			files = (
				A459537D1D881D5B00EDCE90 /* ViewController.swift in Sources */,
				A459537B1D881D5B00EDCE90 /* AppDelegate.swift in Sources */,
			);
			runOnlyForDeploymentPostprocessing = 0;
		};
		A48B3CD31D8AAE52004685B5 /* Sources */ = {
			isa = PBXSourcesBuildPhase;
			buildActionMask = 2147483647;
			files = (
				A48B3CDC1D8AAE53004685B5 /* TodayViewController.m in Sources */,
				A48B3CEC1D8AAE72004685B5 /* ArcImageView.m in Sources */,
				A48B3CED1D8AAE72004685B5 /* ArcView.m in Sources */,
			);
			runOnlyForDeploymentPostprocessing = 0;
		};
		A4EB39561D8ADD140021A21B /* Sources */ = {
			isa = PBXSourcesBuildPhase;
			buildActionMask = 2147483647;
			files = (
				A4EB395D1D8ADD150021A21B /* IntentHandler.swift in Sources */,
			);
			runOnlyForDeploymentPostprocessing = 0;
		};
		A4EB395F1D8ADD150021A21B /* Sources */ = {
			isa = PBXSourcesBuildPhase;
			buildActionMask = 2147483647;
			files = (
				A4EB39671D8ADD150021A21B /* IntentViewController.swift in Sources */,
			);
			runOnlyForDeploymentPostprocessing = 0;
		};
/* End PBXSourcesBuildPhase section */

/* Begin PBXTargetDependency section */
		A48B3CE21D8AAE53004685B5 /* PBXTargetDependency */ = {
			isa = PBXTargetDependency;
			target = A48B3CD61D8AAE52004685B5 /* HomeWidget */;
			targetProxy = A48B3CE11D8AAE53004685B5 /* PBXContainerItemProxy */;
		};
		A4EB396D1D8ADD150021A21B /* PBXTargetDependency */ = {
			isa = PBXTargetDependency;
			target = A4EB39621D8ADD150021A21B /* SiriUI */;
			targetProxy = A4EB396C1D8ADD150021A21B /* PBXContainerItemProxy */;
		};
		A4EB39701D8ADD150021A21B /* PBXTargetDependency */ = {
			isa = PBXTargetDependency;
			target = A4EB39591D8ADD140021A21B /* Siri */;
			targetProxy = A4EB396F1D8ADD150021A21B /* PBXContainerItemProxy */;
		};
/* End PBXTargetDependency section */

/* Begin PBXVariantGroup section */
		A459537E1D881D5C00EDCE90 /* Main.storyboard */ = {
			isa = PBXVariantGroup;
			children = (
				A459537F1D881D5C00EDCE90 /* Base */,
			);
			name = Main.storyboard;
			sourceTree = "<group>";
		};
		A45953831D881D5C00EDCE90 /* LaunchScreen.storyboard */ = {
			isa = PBXVariantGroup;
			children = (
				A45953841D881D5C00EDCE90 /* Base */,
			);
			name = LaunchScreen.storyboard;
			sourceTree = "<group>";
		};
		A48B3CDD1D8AAE53004685B5 /* MainInterface.storyboard */ = {
			isa = PBXVariantGroup;
			children = (
				A48B3CDE1D8AAE53004685B5 /* Base */,
			);
			name = MainInterface.storyboard;
			sourceTree = "<group>";
		};
		A4EB39681D8ADD150021A21B /* MainInterface.storyboard */ = {
			isa = PBXVariantGroup;
			children = (
				A4EB39691D8ADD150021A21B /* Base */,
			);
			name = MainInterface.storyboard;
			sourceTree = "<group>";
		};
/* End PBXVariantGroup section */

/* Begin XCBuildConfiguration section */
		A45953871D881D5D00EDCE90 /* Debug */ = {
			isa = XCBuildConfiguration;
			buildSettings = {
				ALWAYS_SEARCH_USER_PATHS = NO;
				CLANG_ANALYZER_NONNULL = YES;
				CLANG_CXX_LANGUAGE_STANDARD = "gnu++0x";
				CLANG_CXX_LIBRARY = "libc++";
				CLANG_ENABLE_MODULES = YES;
				CLANG_ENABLE_OBJC_ARC = YES;
				CLANG_WARN_BOOL_CONVERSION = YES;
				CLANG_WARN_CONSTANT_CONVERSION = YES;
				CLANG_WARN_DIRECT_OBJC_ISA_USAGE = YES_ERROR;
				CLANG_WARN_DOCUMENTATION_COMMENTS = YES;
				CLANG_WARN_EMPTY_BODY = YES;
				CLANG_WARN_ENUM_CONVERSION = YES;
				CLANG_WARN_INFINITE_RECURSION = YES;
				CLANG_WARN_INT_CONVERSION = YES;
				CLANG_WARN_OBJC_ROOT_CLASS = YES_ERROR;
				CLANG_WARN_SUSPICIOUS_MOVES = YES;
				CLANG_WARN_UNREACHABLE_CODE = YES;
				CLANG_WARN__DUPLICATE_METHOD_MATCH = YES;
				"CODE_SIGN_IDENTITY[sdk=iphoneos*]" = "iPhone Developer";
				COPY_PHASE_STRIP = NO;
				DEBUG_INFORMATION_FORMAT = dwarf;
				ENABLE_STRICT_OBJC_MSGSEND = YES;
				ENABLE_TESTABILITY = YES;
				GCC_C_LANGUAGE_STANDARD = gnu99;
				GCC_DYNAMIC_NO_PIC = NO;
				GCC_NO_COMMON_BLOCKS = YES;
				GCC_OPTIMIZATION_LEVEL = 0;
				GCC_PREPROCESSOR_DEFINITIONS = (
					"DEBUG=1",
					"$(inherited)",
				);
				GCC_WARN_64_TO_32_BIT_CONVERSION = YES;
				GCC_WARN_ABOUT_RETURN_TYPE = YES_ERROR;
				GCC_WARN_UNDECLARED_SELECTOR = YES;
				GCC_WARN_UNINITIALIZED_AUTOS = YES_AGGRESSIVE;
				GCC_WARN_UNUSED_FUNCTION = YES;
				GCC_WARN_UNUSED_VARIABLE = YES;
				IPHONEOS_DEPLOYMENT_TARGET = 10.0;
				MTL_ENABLE_DEBUG_INFO = YES;
				ONLY_ACTIVE_ARCH = YES;
				SDKROOT = iphoneos;
				SWIFT_ACTIVE_COMPILATION_CONDITIONS = DEBUG;
				SWIFT_OPTIMIZATION_LEVEL = "-Onone";
			};
			name = Debug;
		};
		A45953881D881D5D00EDCE90 /* Release */ = {
			isa = XCBuildConfiguration;
			buildSettings = {
				ALWAYS_SEARCH_USER_PATHS = NO;
				CLANG_ANALYZER_NONNULL = YES;
				CLANG_CXX_LANGUAGE_STANDARD = "gnu++0x";
				CLANG_CXX_LIBRARY = "libc++";
				CLANG_ENABLE_MODULES = YES;
				CLANG_ENABLE_OBJC_ARC = YES;
				CLANG_WARN_BOOL_CONVERSION = YES;
				CLANG_WARN_CONSTANT_CONVERSION = YES;
				CLANG_WARN_DIRECT_OBJC_ISA_USAGE = YES_ERROR;
				CLANG_WARN_DOCUMENTATION_COMMENTS = YES;
				CLANG_WARN_EMPTY_BODY = YES;
				CLANG_WARN_ENUM_CONVERSION = YES;
				CLANG_WARN_INFINITE_RECURSION = YES;
				CLANG_WARN_INT_CONVERSION = YES;
				CLANG_WARN_OBJC_ROOT_CLASS = YES_ERROR;
				CLANG_WARN_SUSPICIOUS_MOVES = YES;
				CLANG_WARN_UNREACHABLE_CODE = YES;
				CLANG_WARN__DUPLICATE_METHOD_MATCH = YES;
				"CODE_SIGN_IDENTITY[sdk=iphoneos*]" = "iPhone Developer";
				COPY_PHASE_STRIP = NO;
				DEBUG_INFORMATION_FORMAT = "dwarf-with-dsym";
				ENABLE_NS_ASSERTIONS = NO;
				ENABLE_STRICT_OBJC_MSGSEND = YES;
				GCC_C_LANGUAGE_STANDARD = gnu99;
				GCC_NO_COMMON_BLOCKS = YES;
				GCC_WARN_64_TO_32_BIT_CONVERSION = YES;
				GCC_WARN_ABOUT_RETURN_TYPE = YES_ERROR;
				GCC_WARN_UNDECLARED_SELECTOR = YES;
				GCC_WARN_UNINITIALIZED_AUTOS = YES_AGGRESSIVE;
				GCC_WARN_UNUSED_FUNCTION = YES;
				GCC_WARN_UNUSED_VARIABLE = YES;
				IPHONEOS_DEPLOYMENT_TARGET = 10.0;
				MTL_ENABLE_DEBUG_INFO = NO;
				SDKROOT = iphoneos;
				SWIFT_OPTIMIZATION_LEVEL = "-Owholemodule";
				VALIDATE_PRODUCT = YES;
			};
			name = Release;
		};
		A459538A1D881D5D00EDCE90 /* Debug */ = {
			isa = XCBuildConfiguration;
			buildSettings = {
				ALWAYS_EMBED_SWIFT_STANDARD_LIBRARIES = YES;
				ASSETCATALOG_COMPILER_APPICON_NAME = AppIcon;
				CODE_SIGN_ENTITLEMENTS = Siri10/Siri10.entitlements;
				DEVELOPMENT_TEAM = 6B8RPRP876;
				INFOPLIST_FILE = Siri10/Info.plist;
				IPHONEOS_DEPLOYMENT_TARGET = 9.3;
				LD_RUNPATH_SEARCH_PATHS = "$(inherited) @executable_path/Frameworks";
				PRODUCT_BUNDLE_IDENTIFIER = com.GDS.Siri10;
				PRODUCT_NAME = "$(TARGET_NAME)";
				SWIFT_VERSION = 3.0;
			};
			name = Debug;
		};
		A459538B1D881D5D00EDCE90 /* Release */ = {
			isa = XCBuildConfiguration;
			buildSettings = {
				ALWAYS_EMBED_SWIFT_STANDARD_LIBRARIES = YES;
				ASSETCATALOG_COMPILER_APPICON_NAME = AppIcon;
				CODE_SIGN_ENTITLEMENTS = Siri10/Siri10.entitlements;
				DEVELOPMENT_TEAM = 6B8RPRP876;
				INFOPLIST_FILE = Siri10/Info.plist;
				IPHONEOS_DEPLOYMENT_TARGET = 9.3;
				LD_RUNPATH_SEARCH_PATHS = "$(inherited) @executable_path/Frameworks";
				PRODUCT_BUNDLE_IDENTIFIER = com.GDS.Siri10;
				PRODUCT_NAME = "$(TARGET_NAME)";
				SWIFT_VERSION = 3.0;
			};
			name = Release;
		};
		A48B3CE51D8AAE53004685B5 /* Debug */ = {
			isa = XCBuildConfiguration;
			buildSettings = {
				DEVELOPMENT_TEAM = 6B8RPRP876;
				INFOPLIST_FILE = HomeWidget/Info.plist;
				LD_RUNPATH_SEARCH_PATHS = "$(inherited) @executable_path/Frameworks @executable_path/../../Frameworks";
				PRODUCT_BUNDLE_IDENTIFIER = com.GDS.Siri10.HomeWidget;
				PRODUCT_NAME = "$(TARGET_NAME)";
				SKIP_INSTALL = YES;
			};
			name = Debug;
		};
		A48B3CE61D8AAE53004685B5 /* Release */ = {
			isa = XCBuildConfiguration;
			buildSettings = {
				DEVELOPMENT_TEAM = 6B8RPRP876;
				INFOPLIST_FILE = HomeWidget/Info.plist;
				LD_RUNPATH_SEARCH_PATHS = "$(inherited) @executable_path/Frameworks @executable_path/../../Frameworks";
				PRODUCT_BUNDLE_IDENTIFIER = com.GDS.Siri10.HomeWidget;
				PRODUCT_NAME = "$(TARGET_NAME)";
				SKIP_INSTALL = YES;
			};
			name = Release;
		};
		A4EB39731D8ADD150021A21B /* Debug */ = {
			isa = XCBuildConfiguration;
			buildSettings = {
				DEVELOPMENT_TEAM = 6B8RPRP876;
				INFOPLIST_FILE = SiriUI/Info.plist;
				LD_RUNPATH_SEARCH_PATHS = "$(inherited) @executable_path/Frameworks @executable_path/../../Frameworks";
				PRODUCT_BUNDLE_IDENTIFIER = com.GDS.Siri10.SiriUI;
				PRODUCT_NAME = "$(TARGET_NAME)";
				SKIP_INSTALL = YES;
				SWIFT_VERSION = 3.0;
			};
			name = Debug;
		};
		A4EB39741D8ADD150021A21B /* Release */ = {
			isa = XCBuildConfiguration;
			buildSettings = {
				DEVELOPMENT_TEAM = 6B8RPRP876;
				INFOPLIST_FILE = SiriUI/Info.plist;
				LD_RUNPATH_SEARCH_PATHS = "$(inherited) @executable_path/Frameworks @executable_path/../../Frameworks";
				PRODUCT_BUNDLE_IDENTIFIER = com.GDS.Siri10.SiriUI;
				PRODUCT_NAME = "$(TARGET_NAME)";
				SKIP_INSTALL = YES;
				SWIFT_VERSION = 3.0;
			};
			name = Release;
		};
		A4EB39761D8ADD150021A21B /* Debug */ = {
			isa = XCBuildConfiguration;
			buildSettings = {
				DEVELOPMENT_TEAM = 6B8RPRP876;
				INFOPLIST_FILE = Siri/Info.plist;
				LD_RUNPATH_SEARCH_PATHS = "$(inherited) @executable_path/Frameworks @executable_path/../../Frameworks";
				PRODUCT_BUNDLE_IDENTIFIER = com.GDS.Siri10.Siri;
				PRODUCT_NAME = "$(TARGET_NAME)";
				SKIP_INSTALL = YES;
				SWIFT_VERSION = 3.0;
			};
			name = Debug;
		};
		A4EB39771D8ADD150021A21B /* Release */ = {
			isa = XCBuildConfiguration;
			buildSettings = {
				DEVELOPMENT_TEAM = 6B8RPRP876;
				INFOPLIST_FILE = Siri/Info.plist;
				LD_RUNPATH_SEARCH_PATHS = "$(inherited) @executable_path/Frameworks @executable_path/../../Frameworks";
				PRODUCT_BUNDLE_IDENTIFIER = com.GDS.Siri10.Siri;
				PRODUCT_NAME = "$(TARGET_NAME)";
				SKIP_INSTALL = YES;
				SWIFT_VERSION = 3.0;
			};
			name = Release;
		};
/* End XCBuildConfiguration section */

/* Begin XCConfigurationList section */
		A45953721D881D5000EDCE90 /* Build configuration list for PBXProject "Siri10" */ = {
			isa = XCConfigurationList;
			buildConfigurations = (
				A45953871D881D5D00EDCE90 /* Debug */,
				A45953881D881D5D00EDCE90 /* Release */,
			);
			defaultConfigurationIsVisible = 0;
			defaultConfigurationName = Release;
		};
		A45953891D881D5D00EDCE90 /* Build configuration list for PBXNativeTarget "Siri10" */ = {
			isa = XCConfigurationList;
			buildConfigurations = (
				A459538A1D881D5D00EDCE90 /* Debug */,
				A459538B1D881D5D00EDCE90 /* Release */,
			);
			defaultConfigurationIsVisible = 0;
			defaultConfigurationName = Release;
		};
		A48B3CE41D8AAE53004685B5 /* Build configuration list for PBXNativeTarget "HomeWidget" */ = {
			isa = XCConfigurationList;
			buildConfigurations = (
				A48B3CE51D8AAE53004685B5 /* Debug */,
				A48B3CE61D8AAE53004685B5 /* Release */,
			);
			defaultConfigurationIsVisible = 0;
			defaultConfigurationName = Release;
		};
		A4EB39721D8ADD150021A21B /* Build configuration list for PBXNativeTarget "SiriUI" */ = {
			isa = XCConfigurationList;
			buildConfigurations = (
				A4EB39731D8ADD150021A21B /* Debug */,
				A4EB39741D8ADD150021A21B /* Release */,
			);
			defaultConfigurationIsVisible = 0;
		};
		A4EB39751D8ADD150021A21B /* Build configuration list for PBXNativeTarget "Siri" */ = {
			isa = XCConfigurationList;
			buildConfigurations = (
				A4EB39761D8ADD150021A21B /* Debug */,
				A4EB39771D8ADD150021A21B /* Release */,
			);
			defaultConfigurationIsVisible = 0;
		};
/* End XCConfigurationList section */
	};
	rootObject = A459536F1D881D5000EDCE90 /* Project object */;
}
